// !$*UTF8*$!
{
	archiveVersion = 1;
	classes = {
	};
	objectVersion = 46;
	objects = {

/* Begin PBXBuildFile section */
		15A3DBC61682FBA8002FB0C5 /* libcocos2dx.a in Frameworks */ = {isa = PBXBuildFile; fileRef = 15A3DB1E1682FB66002FB0C5 /* libcocos2dx.a */; };
		506EDB88102F4C4000A389B3 /* libz.dylib in Frameworks */ = {isa = PBXBuildFile; fileRef = 506EDB87102F4C4000A389B3 /* libz.dylib */; };
		506EDBA5102F4C9F00A389B3 /* AVFoundation.framework in Frameworks */ = {isa = PBXBuildFile; fileRef = 506EDBA4102F4C9F00A389B3 /* AVFoundation.framework */; };
		78947C6D14EBB9B100DBD5A6 /* background.mp3 in Resources */ = {isa = PBXBuildFile; fileRef = 78947C5E14EBB9B000DBD5A6 /* background.mp3 */; };
		78947C6E14EBB9B100DBD5A6 /* crop.png in Resources */ = {isa = PBXBuildFile; fileRef = 78947C5F14EBB9B000DBD5A6 /* crop.png */; };
		78947C7014EBB9B100DBD5A6 /* dog.png in Resources */ = {isa = PBXBuildFile; fileRef = 78947C6114EBB9B000DBD5A6 /* dog.png */; };
		78947C7114EBB9B100DBD5A6 /* effect1.wav in Resources */ = {isa = PBXBuildFile; fileRef = 78947C6214EBB9B000DBD5A6 /* effect1.wav */; };
		78947C7214EBB9B100DBD5A6 /* farm.jpg in Resources */ = {isa = PBXBuildFile; fileRef = 78947C6314EBB9B000DBD5A6 /* farm.jpg */; };
		78947C7414EBB9B100DBD5A6 /* hello.lua in Resources */ = {isa = PBXBuildFile; fileRef = 78947C6614EBB9B000DBD5A6 /* hello.lua */; };
		78947C7514EBB9B100DBD5A6 /* hello2.lua in Resources */ = {isa = PBXBuildFile; fileRef = 78947C6714EBB9B000DBD5A6 /* hello2.lua */; };
		78947C7714EBB9B100DBD5A6 /* land.png in Resources */ = {isa = PBXBuildFile; fileRef = 78947C6914EBB9B000DBD5A6 /* land.png */; };
		78947C7814EBB9B100DBD5A6 /* menu1.png in Resources */ = {isa = PBXBuildFile; fileRef = 78947C6A14EBB9B000DBD5A6 /* menu1.png */; };
		78947C7914EBB9B100DBD5A6 /* menu2.png in Resources */ = {isa = PBXBuildFile; fileRef = 78947C6B14EBB9B000DBD5A6 /* menu2.png */; };
		78DC4C9A15490B9500317402 /* Default.png in Resources */ = {isa = PBXBuildFile; fileRef = 78DC4C9815490B9500317402 /* Default.png */; };
		92A4A2DA1A52D81E007D7211 /* CoreText.framework in Frameworks */ = {isa = PBXBuildFile; fileRef = 92A4A2D91A52D81E007D7211 /* CoreText.framework */; };
		92A4A2DC1A52D82A007D7211 /* libsqlite3.dylib in Frameworks */ = {isa = PBXBuildFile; fileRef = 92A4A2DB1A52D82A007D7211 /* libsqlite3.dylib */; };
		BF82F41713A864D700616D55 /* AppDelegate.cpp in Sources */ = {isa = PBXBuildFile; fileRef = BF82F41513A864D700616D55 /* AppDelegate.cpp */; };
		BF82F42113A8652A00616D55 /* AppController.mm in Sources */ = {isa = PBXBuildFile; fileRef = BF82F41F13A8652A00616D55 /* AppController.mm */; };
		BF82F42213A8652A00616D55 /* main.m in Sources */ = {isa = PBXBuildFile; fileRef = BF82F42013A8652A00616D55 /* main.m */; };
		D403B5D9135D1AF1004B518D /* libxml2.dylib in Frameworks */ = {isa = PBXBuildFile; fileRef = D403B5D8135D1AF1004B518D /* libxml2.dylib */; };
		D41A0AA2160F13F8004552AE /* Default-568h@2x.png in Resources */ = {isa = PBXBuildFile; fileRef = D41A0AA1160F13F8004552AE /* Default-568h@2x.png */; };
		D446FD3B16102085000ADA7B /* Default@2x.png in Resources */ = {isa = PBXBuildFile; fileRef = D446FD3A16102085000ADA7B /* Default@2x.png */; };
		D4CEAD7913B4634300780515 /* RootViewController.mm in Sources */ = {isa = PBXBuildFile; fileRef = D4CEAD7713B4634300780515 /* RootViewController.mm */; };
		D4EF94D715BD311700D803EB /* Icon-57.png in Resources */ = {isa = PBXBuildFile; fileRef = D4EF94D615BD311700D803EB /* Icon-57.png */; };
		D4EF94D915BD311A00D803EB /* Icon-114.png in Resources */ = {isa = PBXBuildFile; fileRef = D4EF94D815BD311A00D803EB /* Icon-114.png */; };
		D4EF94DB15BD311E00D803EB /* Icon-72.png in Resources */ = {isa = PBXBuildFile; fileRef = D4EF94DA15BD311E00D803EB /* Icon-72.png */; };
		D4EF94DD15BD312100D803EB /* Icon-144.png in Resources */ = {isa = PBXBuildFile; fileRef = D4EF94DC15BD312100D803EB /* Icon-144.png */; };
		DC6640030F83B3EA000B3E49 /* AudioToolbox.framework in Frameworks */ = {isa = PBXBuildFile; fileRef = DC6640020F83B3EA000B3E49 /* AudioToolbox.framework */; };
		DC6640050F83B3EA000B3E49 /* OpenAL.framework in Frameworks */ = {isa = PBXBuildFile; fileRef = DC6640040F83B3EA000B3E49 /* OpenAL.framework */; };
		DCCBF1B70F6022AE0040855A /* CoreGraphics.framework in Frameworks */ = {isa = PBXBuildFile; fileRef = DCCBF1B60F6022AE0040855A /* CoreGraphics.framework */; };
		DCCBF1B90F6022AE0040855A /* Foundation.framework in Frameworks */ = {isa = PBXBuildFile; fileRef = DCCBF1B80F6022AE0040855A /* Foundation.framework */; };
		DCCBF1BB0F6022AE0040855A /* OpenGLES.framework in Frameworks */ = {isa = PBXBuildFile; fileRef = DCCBF1BA0F6022AE0040855A /* OpenGLES.framework */; };
		DCCBF1BD0F6022AE0040855A /* QuartzCore.framework in Frameworks */ = {isa = PBXBuildFile; fileRef = DCCBF1BC0F6022AE0040855A /* QuartzCore.framework */; };
		DCCBF1BF0F6022AE0040855A /* UIKit.framework in Frameworks */ = {isa = PBXBuildFile; fileRef = DCCBF1BE0F6022AE0040855A /* UIKit.framework */; };
/* End PBXBuildFile section */

/* Begin PBXContainerItemProxy section */
		15A3DB1D1682FB66002FB0C5 /* PBXContainerItemProxy */ = {
			isa = PBXContainerItemProxy;
			containerPortal = 15A3DB161682FB66002FB0C5 /* cocos2dx.xcodeproj */;
			proxyType = 2;
			remoteGlobalIDString = 1551A33F158F2AB200E66CFE;
			remoteInfo = cocos2dx;
		};
		15A3DBC41682FBA2002FB0C5 /* PBXContainerItemProxy */ = {
			isa = PBXContainerItemProxy;
			containerPortal = 15A3DB161682FB66002FB0C5 /* cocos2dx.xcodeproj */;
			proxyType = 1;
			remoteGlobalIDString = 1551A33E158F2AB200E66CFE;
			remoteInfo = cocos2dx;
		};
/* End PBXContainerItemProxy section */

/* Begin PBXFileReference section */
		15A3DB161682FB66002FB0C5 /* cocos2dx.xcodeproj */ = {isa = PBXFileReference; lastKnownFileType = "wrapper.pb-project"; name = cocos2dx.xcodeproj; path = ../../../../cocos2dx/proj.ios/cocos2dx.xcodeproj; sourceTree = "<group>"; };
		1D6058910D05DD3D006BFB54 /* HelloLua.app */ = {isa = PBXFileReference; explicitFileType = wrapper.application; includeInIndex = 0; path = HelloLua.app; sourceTree = BUILT_PRODUCTS_DIR; };
		506EDB87102F4C4000A389B3 /* libz.dylib */ = {isa = PBXFileReference; lastKnownFileType = "compiled.mach-o.dylib"; name = libz.dylib; path = usr/lib/libz.dylib; sourceTree = SDKROOT; };
		506EDBA4102F4C9F00A389B3 /* AVFoundation.framework */ = {isa = PBXFileReference; lastKnownFileType = wrapper.framework; name = AVFoundation.framework; path = System/Library/Frameworks/AVFoundation.framework; sourceTree = SDKROOT; };
		78947C5E14EBB9B000DBD5A6 /* background.mp3 */ = {isa = PBXFileReference; lastKnownFileType = audio.mp3; path = background.mp3; sourceTree = "<group>"; };
		78947C5F14EBB9B000DBD5A6 /* crop.png */ = {isa = PBXFileReference; lastKnownFileType = image.png; path = crop.png; sourceTree = "<group>"; };
		78947C6114EBB9B000DBD5A6 /* dog.png */ = {isa = PBXFileReference; lastKnownFileType = image.png; path = dog.png; sourceTree = "<group>"; };
		78947C6214EBB9B000DBD5A6 /* effect1.wav */ = {isa = PBXFileReference; lastKnownFileType = audio.wav; path = effect1.wav; sourceTree = "<group>"; };
		78947C6314EBB9B000DBD5A6 /* farm.jpg */ = {isa = PBXFileReference; lastKnownFileType = image.jpeg; path = farm.jpg; sourceTree = "<group>"; };
		78947C6614EBB9B000DBD5A6 /* hello.lua */ = {isa = PBXFileReference; fileEncoding = 4; lastKnownFileType = text; path = hello.lua; sourceTree = "<group>"; };
		78947C6714EBB9B000DBD5A6 /* hello2.lua */ = {isa = PBXFileReference; fileEncoding = 4; lastKnownFileType = text; path = hello2.lua; sourceTree = "<group>"; };
		78947C6914EBB9B000DBD5A6 /* land.png */ = {isa = PBXFileReference; lastKnownFileType = image.png; path = land.png; sourceTree = "<group>"; };
		78947C6A14EBB9B000DBD5A6 /* menu1.png */ = {isa = PBXFileReference; lastKnownFileType = image.png; path = menu1.png; sourceTree = "<group>"; };
		78947C6B14EBB9B000DBD5A6 /* menu2.png */ = {isa = PBXFileReference; lastKnownFileType = image.png; path = menu2.png; sourceTree = "<group>"; };
		78DC4C9815490B9500317402 /* Default.png */ = {isa = PBXFileReference; lastKnownFileType = image.png; path = Default.png; sourceTree = SOURCE_ROOT; };
		92A4A2D91A52D81E007D7211 /* CoreText.framework */ = {isa = PBXFileReference; lastKnownFileType = wrapper.framework; name = CoreText.framework; path = System/Library/Frameworks/CoreText.framework; sourceTree = SDKROOT; };
		92A4A2DB1A52D82A007D7211 /* libsqlite3.dylib */ = {isa = PBXFileReference; lastKnownFileType = "compiled.mach-o.dylib"; name = libsqlite3.dylib; path = usr/lib/libsqlite3.dylib; sourceTree = SDKROOT; };
		BF82F41513A864D700616D55 /* AppDelegate.cpp */ = {isa = PBXFileReference; fileEncoding = 4; lastKnownFileType = sourcecode.cpp.cpp; name = AppDelegate.cpp; path = ../Classes/AppDelegate.cpp; sourceTree = SOURCE_ROOT; };
		BF82F41613A864D700616D55 /* AppDelegate.h */ = {isa = PBXFileReference; fileEncoding = 4; lastKnownFileType = sourcecode.c.h; name = AppDelegate.h; path = ../Classes/AppDelegate.h; sourceTree = SOURCE_ROOT; };
		BF82F41E13A8652A00616D55 /* AppController.h */ = {isa = PBXFileReference; fileEncoding = 4; lastKnownFileType = sourcecode.c.h; path = AppController.h; sourceTree = "<group>"; };
		BF82F41F13A8652A00616D55 /* AppController.mm */ = {isa = PBXFileReference; fileEncoding = 4; lastKnownFileType = sourcecode.cpp.objcpp; path = AppController.mm; sourceTree = "<group>"; };
		BF82F42013A8652A00616D55 /* main.m */ = {isa = PBXFileReference; fileEncoding = 4; lastKnownFileType = sourcecode.c.objc; path = main.m; sourceTree = "<group>"; };
		BF82F42313A8654600616D55 /* HelloLua_Prefix.pch */ = {isa = PBXFileReference; fileEncoding = 4; lastKnownFileType = sourcecode.c.h; path = HelloLua_Prefix.pch; sourceTree = "<group>"; };
		D403B5D8135D1AF1004B518D /* libxml2.dylib */ = {isa = PBXFileReference; lastKnownFileType = "compiled.mach-o.dylib"; name = libxml2.dylib; path = usr/lib/libxml2.dylib; sourceTree = SDKROOT; };
		D41A0AA1160F13F8004552AE /* Default-568h@2x.png */ = {isa = PBXFileReference; lastKnownFileType = image.png; name = "Default-568h@2x.png"; path = "../proj.ios/Default-568h@2x.png"; sourceTree = "<group>"; };
		D446FD3A16102085000ADA7B /* Default@2x.png */ = {isa = PBXFileReference; lastKnownFileType = image.png; name = "Default@2x.png"; path = "../proj.ios/Default@2x.png"; sourceTree = "<group>"; };
		D4CEAD7713B4634300780515 /* RootViewController.mm */ = {isa = PBXFileReference; fileEncoding = 4; lastKnownFileType = sourcecode.cpp.objcpp; path = RootViewController.mm; sourceTree = "<group>"; };
		D4CEAD7813B4634300780515 /* RootViewController.h */ = {isa = PBXFileReference; fileEncoding = 4; lastKnownFileType = sourcecode.c.h; path = RootViewController.h; sourceTree = "<group>"; };
		D4EF94D615BD311700D803EB /* Icon-57.png */ = {isa = PBXFileReference; lastKnownFileType = image.png; name = "Icon-57.png"; path = "../proj.ios/Icon-57.png"; sourceTree = "<group>"; };
		D4EF94D815BD311A00D803EB /* Icon-114.png */ = {isa = PBXFileReference; lastKnownFileType = image.png; name = "Icon-114.png"; path = "../proj.ios/Icon-114.png"; sourceTree = "<group>"; };
		D4EF94DA15BD311E00D803EB /* Icon-72.png */ = {isa = PBXFileReference; lastKnownFileType = image.png; name = "Icon-72.png"; path = "../proj.ios/Icon-72.png"; sourceTree = "<group>"; };
		D4EF94DC15BD312100D803EB /* Icon-144.png */ = {isa = PBXFileReference; lastKnownFileType = image.png; name = "Icon-144.png"; path = "../proj.ios/Icon-144.png"; sourceTree = "<group>"; };
		DC6640020F83B3EA000B3E49 /* AudioToolbox.framework */ = {isa = PBXFileReference; lastKnownFileType = wrapper.framework; name = AudioToolbox.framework; path = System/Library/Frameworks/AudioToolbox.framework; sourceTree = SDKROOT; };
		DC6640040F83B3EA000B3E49 /* OpenAL.framework */ = {isa = PBXFileReference; lastKnownFileType = wrapper.framework; name = OpenAL.framework; path = System/Library/Frameworks/OpenAL.framework; sourceTree = SDKROOT; };
		DCCBF1B60F6022AE0040855A /* CoreGraphics.framework */ = {isa = PBXFileReference; lastKnownFileType = wrapper.framework; name = CoreGraphics.framework; path = System/Library/Frameworks/CoreGraphics.framework; sourceTree = SDKROOT; };
		DCCBF1B80F6022AE0040855A /* Foundation.framework */ = {isa = PBXFileReference; lastKnownFileType = wrapper.framework; name = Foundation.framework; path = System/Library/Frameworks/Foundation.framework; sourceTree = SDKROOT; };
		DCCBF1BA0F6022AE0040855A /* OpenGLES.framework */ = {isa = PBXFileReference; lastKnownFileType = wrapper.framework; name = OpenGLES.framework; path = System/Library/Frameworks/OpenGLES.framework; sourceTree = SDKROOT; };
		DCCBF1BC0F6022AE0040855A /* QuartzCore.framework */ = {isa = PBXFileReference; lastKnownFileType = wrapper.framework; name = QuartzCore.framework; path = System/Library/Frameworks/QuartzCore.framework; sourceTree = SDKROOT; };
		DCCBF1BE0F6022AE0040855A /* UIKit.framework */ = {isa = PBXFileReference; lastKnownFileType = wrapper.framework; name = UIKit.framework; path = System/Library/Frameworks/UIKit.framework; sourceTree = SDKROOT; };
/* End PBXFileReference section */

/* Begin PBXFrameworksBuildPhase section */
		1D60588F0D05DD3D006BFB54 /* Frameworks */ = {
			isa = PBXFrameworksBuildPhase;
			buildActionMask = 2147483647;
			files = (
				92A4A2DC1A52D82A007D7211 /* libsqlite3.dylib in Frameworks */,
				92A4A2DA1A52D81E007D7211 /* CoreText.framework in Frameworks */,
				15A3DBC61682FBA8002FB0C5 /* libcocos2dx.a in Frameworks */,
				DCCBF1B70F6022AE0040855A /* CoreGraphics.framework in Frameworks */,
				DCCBF1B90F6022AE0040855A /* Foundation.framework in Frameworks */,
				DCCBF1BB0F6022AE0040855A /* OpenGLES.framework in Frameworks */,
				DCCBF1BD0F6022AE0040855A /* QuartzCore.framework in Frameworks */,
				DCCBF1BF0F6022AE0040855A /* UIKit.framework in Frameworks */,
				DC6640030F83B3EA000B3E49 /* AudioToolbox.framework in Frameworks */,
				DC6640050F83B3EA000B3E49 /* OpenAL.framework in Frameworks */,
				506EDB88102F4C4000A389B3 /* libz.dylib in Frameworks */,
				506EDBA5102F4C9F00A389B3 /* AVFoundation.framework in Frameworks */,
				D403B5D9135D1AF1004B518D /* libxml2.dylib in Frameworks */,
			);
			runOnlyForDeploymentPostprocessing = 0;
		};
/* End PBXFrameworksBuildPhase section */

/* Begin PBXGroup section */
		15A3DB171682FB66002FB0C5 /* Products */ = {
			isa = PBXGroup;
			children = (
				15A3DB1E1682FB66002FB0C5 /* libcocos2dx.a */,
			);
			name = Products;
			sourceTree = "<group>";
		};
		19C28FACFE9D520D11CA2CBB /* Products */ = {
			isa = PBXGroup;
			children = (
				1D6058910D05DD3D006BFB54 /* HelloLua.app */,
			);
			name = Products;
			sourceTree = "<group>";
		};
		29B97314FDCFA39411CA2CEA /* CustomTemplate */ = {
			isa = PBXGroup;
			children = (
				29B97315FDCFA39411CA2CEA /* Other Sources */,
				BF82F41413A864B000616D55 /* Classes */,
				78947C5C14EBB9B000DBD5A6 /* Resources */,
				29B97323FDCFA39411CA2CEA /* Frameworks */,
				19C28FACFE9D520D11CA2CBB /* Products */,
			);
			name = CustomTemplate;
			sourceTree = "<group>";
		};
		29B97315FDCFA39411CA2CEA /* Other Sources */ = {
			isa = PBXGroup;
			children = (
				D4CEAD7713B4634300780515 /* RootViewController.mm */,
				D4CEAD7813B4634300780515 /* RootViewController.h */,
				BF82F42313A8654600616D55 /* HelloLua_Prefix.pch */,
				BF82F41E13A8652A00616D55 /* AppController.h */,
				BF82F41F13A8652A00616D55 /* AppController.mm */,
				BF82F42013A8652A00616D55 /* main.m */,
			);
			name = "Other Sources";
			sourceTree = "<group>";
		};
		29B97323FDCFA39411CA2CEA /* Frameworks */ = {
			isa = PBXGroup;
			children = (
				15A3DB161682FB66002FB0C5 /* cocos2dx.xcodeproj */,
				92A4A2DB1A52D82A007D7211 /* libsqlite3.dylib */,
				92A4A2D91A52D81E007D7211 /* CoreText.framework */,
				DCCBF1B60F6022AE0040855A /* CoreGraphics.framework */,
				DCCBF1B80F6022AE0040855A /* Foundation.framework */,
				DCCBF1BA0F6022AE0040855A /* OpenGLES.framework */,
				DCCBF1BC0F6022AE0040855A /* QuartzCore.framework */,
				DCCBF1BE0F6022AE0040855A /* UIKit.framework */,
				DC6640040F83B3EA000B3E49 /* OpenAL.framework */,
				DC6640020F83B3EA000B3E49 /* AudioToolbox.framework */,
				506EDB87102F4C4000A389B3 /* libz.dylib */,
				506EDBA4102F4C9F00A389B3 /* AVFoundation.framework */,
				D403B5D8135D1AF1004B518D /* libxml2.dylib */,
			);
			name = Frameworks;
			sourceTree = "<group>";
		};
		78947C5C14EBB9B000DBD5A6 /* Resources */ = {
			isa = PBXGroup;
			children = (
				D4EF94DC15BD312100D803EB /* Icon-144.png */,
				D4EF94DA15BD311E00D803EB /* Icon-72.png */,
				D4EF94D815BD311A00D803EB /* Icon-114.png */,
				D4EF94D615BD311700D803EB /* Icon-57.png */,
				78947C5E14EBB9B000DBD5A6 /* background.mp3 */,
				78947C5F14EBB9B000DBD5A6 /* crop.png */,
				78947C6114EBB9B000DBD5A6 /* dog.png */,
				78947C6214EBB9B000DBD5A6 /* effect1.wav */,
				78947C6314EBB9B000DBD5A6 /* farm.jpg */,
				78947C6614EBB9B000DBD5A6 /* hello.lua */,
				78947C6714EBB9B000DBD5A6 /* hello2.lua */,
				78947C6914EBB9B000DBD5A6 /* land.png */,
				78947C6A14EBB9B000DBD5A6 /* menu1.png */,
				78947C6B14EBB9B000DBD5A6 /* menu2.png */,
				78DC4C9815490B9500317402 /* Default.png */,
				D446FD3A16102085000ADA7B /* Default@2x.png */,
				D41A0AA1160F13F8004552AE /* Default-568h@2x.png */,
			);
			name = Resources;
			path = ../Resources;
			sourceTree = "<group>";
		};
		BF82F41413A864B000616D55 /* Classes */ = {
			isa = PBXGroup;
			children = (
				BF82F41513A864D700616D55 /* AppDelegate.cpp */,
				BF82F41613A864D700616D55 /* AppDelegate.h */,
			);
			name = Classes;
			sourceTree = "<group>";
		};
/* End PBXGroup section */

/* Begin PBXNativeTarget section */
		1D6058900D05DD3D006BFB54 /* HelloLua */ = {
			isa = PBXNativeTarget;
			buildConfigurationList = 1D6058960D05DD3E006BFB54 /* Build configuration list for PBXNativeTarget "HelloLua" */;
			buildPhases = (
				1D60588D0D05DD3D006BFB54 /* Resources */,
				1D60588E0D05DD3D006BFB54 /* Sources */,
				1D60588F0D05DD3D006BFB54 /* Frameworks */,
			);
			buildRules = (
			);
			dependencies = (
				15A3DBC51682FBA2002FB0C5 /* PBXTargetDependency */,
			);
			name = HelloLua;
			productName = HelloLua;
			productReference = 1D6058910D05DD3D006BFB54 /* HelloLua.app */;
			productType = "com.apple.product-type.application";
		};
/* End PBXNativeTarget section */

/* Begin PBXProject section */
		29B97313FDCFA39411CA2CEA /* Project object */ = {
			isa = PBXProject;
			attributes = {
				LastUpgradeCheck = 0430;
			};
			buildConfigurationList = C01FCF4E08A954540054247B /* Build configuration list for PBXProject "HelloLua" */;
			compatibilityVersion = "Xcode 3.2";
			developmentRegion = English;
			hasScannedForEncodings = 1;
			knownRegions = (
				English,
				Japanese,
				French,
				German,
			);
			mainGroup = 29B97314FDCFA39411CA2CEA /* CustomTemplate */;
			projectDirPath = "";
			projectReferences = (
				{
					ProductGroup = 15A3DB171682FB66002FB0C5 /* Products */;
					ProjectRef = 15A3DB161682FB66002FB0C5 /* cocos2dx.xcodeproj */;
				},
			);
			projectRoot = "";
			targets = (
				1D6058900D05DD3D006BFB54 /* HelloLua */,
			);
		};
/* End PBXProject section */

/* Begin PBXReferenceProxy section */
		15A3DB1E1682FB66002FB0C5 /* libcocos2dx.a */ = {
			isa = PBXReferenceProxy;
			fileType = archive.ar;
			path = libcocos2dx.a;
			remoteRef = 15A3DB1D1682FB66002FB0C5 /* PBXContainerItemProxy */;
			sourceTree = BUILT_PRODUCTS_DIR;
		};
/* End PBXReferenceProxy section */

/* Begin PBXResourcesBuildPhase section */
		1D60588D0D05DD3D006BFB54 /* Resources */ = {
			isa = PBXResourcesBuildPhase;
			buildActionMask = 2147483647;
			files = (
				78947C6D14EBB9B100DBD5A6 /* background.mp3 in Resources */,
				78947C6E14EBB9B100DBD5A6 /* crop.png in Resources */,
				78947C7014EBB9B100DBD5A6 /* dog.png in Resources */,
				78947C7114EBB9B100DBD5A6 /* effect1.wav in Resources */,
				78947C7214EBB9B100DBD5A6 /* farm.jpg in Resources */,
				78947C7414EBB9B100DBD5A6 /* hello.lua in Resources */,
				78947C7514EBB9B100DBD5A6 /* hello2.lua in Resources */,
				78947C7714EBB9B100DBD5A6 /* land.png in Resources */,
				78947C7814EBB9B100DBD5A6 /* menu1.png in Resources */,
				78947C7914EBB9B100DBD5A6 /* menu2.png in Resources */,
				78DC4C9A15490B9500317402 /* Default.png in Resources */,
				D4EF94D715BD311700D803EB /* Icon-57.png in Resources */,
				D4EF94D915BD311A00D803EB /* Icon-114.png in Resources */,
				D4EF94DB15BD311E00D803EB /* Icon-72.png in Resources */,
				D4EF94DD15BD312100D803EB /* Icon-144.png in Resources */,
				D41A0AA2160F13F8004552AE /* Default-568h@2x.png in Resources */,
				D446FD3B16102085000ADA7B /* Default@2x.png in Resources */,
			);
			runOnlyForDeploymentPostprocessing = 0;
		};
/* End PBXResourcesBuildPhase section */

/* Begin PBXSourcesBuildPhase section */
		1D60588E0D05DD3D006BFB54 /* Sources */ = {
			isa = PBXSourcesBuildPhase;
			buildActionMask = 2147483647;
			files = (
				BF82F41713A864D700616D55 /* AppDelegate.cpp in Sources */,
				BF82F42113A8652A00616D55 /* AppController.mm in Sources */,
				BF82F42213A8652A00616D55 /* main.m in Sources */,
				D4CEAD7913B4634300780515 /* RootViewController.mm in Sources */,
			);
			runOnlyForDeploymentPostprocessing = 0;
		};
/* End PBXSourcesBuildPhase section */

/* Begin PBXTargetDependency section */
		15A3DBC51682FBA2002FB0C5 /* PBXTargetDependency */ = {
			isa = PBXTargetDependency;
			name = cocos2dx;
			targetProxy = 15A3DBC41682FBA2002FB0C5 /* PBXContainerItemProxy */;
		};
/* End PBXTargetDependency section */

/* Begin XCBuildConfiguration section */
		1D6058940D05DD3E006BFB54 /* Debug */ = {
			isa = XCBuildConfiguration;
			buildSettings = {
				ALWAYS_SEARCH_USER_PATHS = NO;
				COPY_PHASE_STRIP = NO;
				GCC_DYNAMIC_NO_PIC = NO;
				GCC_FAST_OBJC_DISPATCH = YES;
				GCC_INLINES_ARE_PRIVATE_EXTERN = NO;
				GCC_OBJC_CALL_CXX_CDTORS = YES;
				GCC_OPTIMIZATION_LEVEL = 0;
				GCC_PRECOMPILE_PREFIX_HEADER = YES;
				GCC_PREFIX_HEADER = HelloLua_Prefix.pch;
				GCC_PREPROCESSOR_DEFINITIONS = (
					"$(inherited)",
					"COCOS2D_DEBUG=1",
				);
				GCC_SYMBOLS_PRIVATE_EXTERN = NO;
				GCC_TREAT_WARNINGS_AS_ERRORS = NO;
				GCC_WARN_ALLOW_INCOMPLETE_PROTOCOL = NO;
				HEADER_SEARCH_PATHS = (
					"$(SRCROOT)/../../../../CocosDenshion/include",
					"\"$(SRCROOT)/../../../../external/chipmunk/include/constraints\"",
					"\"$(SRCROOT)/../../../../external/chipmunk/include/chipmunk\"",
					"\"$(SRCROOT)/../../../../cocos2dx/kazmath/include\"",
					"\"$(SRCROOT)/../../../../external\"",
					"\"$(SRCROOT)/../../../../extensions\"",
					"\"$(SRCROOT)/../../../../cocos2dx\"",
					"\"$(SRCROOT)/../../../../cocos2dx/include\"",
					"\"$(SRCROOT)/../../../../cocos2dx/platform/third_party/ios\"",
					"\"$(SRCROOT)/../../../../cocos2dx/platform/ios\"",
					"\"$(SRCROOT)/../../../../cocos2dx/platform/ios/Simulation\"",
					"$(PROJECT_DIR)/../../../../scripting/lua/cocos2dx_support",
					"$(PROJECT_DIR)/../../../../scripting/lua/lua/src/src",
				);
				INFOPLIST_FILE = Info.plist;
				IPHONEOS_DEPLOYMENT_TARGET = 5.0;
				LIBRARY_SEARCH_PATHS = (
					"\"$(SRCROOT)/../../../../cocos2dx/platform/third_party/ios/libraries\"",
					"/Users/maruojie/Projects/cocos2dx-classical/cocos2dx/platform/third_party/ios/libraries",
				);
				PRODUCT_NAME = HelloLua;
				SKIP_INSTALL = YES;
				VALIDATE_PRODUCT = NO;
				WARNING_CFLAGS = "";
			};
			name = Debug;
		};
		1D6058950D05DD3E006BFB54 /* Release */ = {
			isa = XCBuildConfiguration;
			buildSettings = {
				ALWAYS_SEARCH_USER_PATHS = NO;
				COPY_PHASE_STRIP = YES;
				GCC_FAST_OBJC_DISPATCH = YES;
				GCC_INLINES_ARE_PRIVATE_EXTERN = NO;
				GCC_OBJC_CALL_CXX_CDTORS = YES;
				GCC_PRECOMPILE_PREFIX_HEADER = YES;
				GCC_PREFIX_HEADER = HelloLua_Prefix.pch;
				GCC_PREPROCESSOR_DEFINITIONS = (
					"$(inherited)",
					TOLUA_RELEASE,
				);
				GCC_SYMBOLS_PRIVATE_EXTERN = NO;
				GCC_TREAT_WARNINGS_AS_ERRORS = NO;
				GCC_WARN_ALLOW_INCOMPLETE_PROTOCOL = NO;
				HEADER_SEARCH_PATHS = (
					"$(SRCROOT)/../../../../CocosDenshion/include",
					"\"$(SRCROOT)/../../../../external/chipmunk/include/constraints\"",
					"\"$(SRCROOT)/../../../../external/chipmunk/include/chipmunk\"",
					"\"$(SRCROOT)/../../../../cocos2dx/kazmath/include\"",
					"\"$(SRCROOT)/../../../../external\"",
					"\"$(SRCROOT)/../../../../extensions\"",
					"\"$(SRCROOT)/../../../../cocos2dx\"",
					"\"$(SRCROOT)/../../../../cocos2dx/include\"",
					"\"$(SRCROOT)/../../../../cocos2dx/platform/third_party/ios\"",
					"\"$(SRCROOT)/../../../../cocos2dx/platform/ios\"",
					"\"$(SRCROOT)/../../../../cocos2dx/platform/ios/Simulation\"",
					"$(PROJECT_DIR)/../../../../scripting/lua/cocos2dx_support",
					"$(PROJECT_DIR)/../../../../scripting/lua/lua/src/src",
				);
				INFOPLIST_FILE = Info.plist;
				IPHONEOS_DEPLOYMENT_TARGET = 5.0;
				LIBRARY_SEARCH_PATHS = (
					"\"$(SRCROOT)/../../../../cocos2dx/platform/third_party/ios/libraries\"",
					"/Users/maruojie/Projects/cocos2dx-classical/cocos2dx/platform/third_party/ios/libraries",
				);
				PRODUCT_NAME = HelloLua;
				SKIP_INSTALL = YES;
				VALIDATE_PRODUCT = NO;
				WARNING_CFLAGS = "";
			};
			name = Release;
		};
		C01FCF4F08A954540054247B /* Debug */ = {
			isa = XCBuildConfiguration;
			buildSettings = {
				ALWAYS_SEARCH_USER_PATHS = NO;
				"CODE_SIGN_IDENTITY[sdk=iphoneos*]" = "iPhone Developer";
				GCC_C_LANGUAGE_STANDARD = c99;
				GCC_PREPROCESSOR_DEFINITIONS = (
					USE_FILE32API,
					CC_TARGET_OS_IPHONE,
				);
				"GCC_THUMB_SUPPORT[arch=armv6]" = NO;
				"GCC_THUMB_SUPPORT[arch=armv7]" = YES;
				GCC_WARN_ABOUT_RETURN_TYPE = YES;
				GCC_WARN_UNUSED_VARIABLE = YES;
				SDKROOT = iphoneos;
				TARGETED_DEVICE_FAMILY = "1,2";
			};
			name = Debug;
		};
		C01FCF5008A954540054247B /* Release */ = {
			isa = XCBuildConfiguration;
			buildSettings = {
				ALWAYS_SEARCH_USER_PATHS = NO;
				"CODE_SIGN_IDENTITY[sdk=iphoneos*]" = "iPhone Developer";
				GCC_C_LANGUAGE_STANDARD = c99;
				GCC_PREPROCESSOR_DEFINITIONS = (
					USE_FILE32API,
					CC_TARGET_OS_IPHONE,
				);
				"GCC_THUMB_SUPPORT[arch=armv6]" = NO;
				"GCC_THUMB_SUPPORT[arch=armv7]" = YES;
				GCC_UNROLL_LOOPS = YES;
				GCC_WARN_ABOUT_RETURN_TYPE = YES;
				GCC_WARN_UNUSED_VARIABLE = YES;
				SDKROOT = iphoneos;
				TARGETED_DEVICE_FAMILY = "1,2";
			};
			name = Release;
		};
/* End XCBuildConfiguration section */

/* Begin XCConfigurationList section */
		1D6058960D05DD3E006BFB54 /* Build configuration list for PBXNativeTarget "HelloLua" */ = {
			isa = XCConfigurationList;
			buildConfigurations = (
				1D6058940D05DD3E006BFB54 /* Debug */,
				1D6058950D05DD3E006BFB54 /* Release */,
			);
			defaultConfigurationIsVisible = 0;
			defaultConfigurationName = Release;
		};
		C01FCF4E08A954540054247B /* Build configuration list for PBXProject "HelloLua" */ = {
			isa = XCConfigurationList;
			buildConfigurations = (
				C01FCF4F08A954540054247B /* Debug */,
				C01FCF5008A954540054247B /* Release */,
			);
			defaultConfigurationIsVisible = 0;
			defaultConfigurationName = Release;
		};
/* End XCConfigurationList section */
	};
	rootObject = 29B97313FDCFA39411CA2CEA /* Project object */;
}
